
Microsoft Visual Studio Solution File, Format Version 12.00
# Visual Studio Version 17
VisualStudioVersion = 17.0.31903.59
MinimumVisualStudioVersion = 10.0.40219.1
Project("{2150E333-8FDC-42A3-9474-1A3956D46DE8}") = "src", "src", "{5B0B6C1E-6E2A-4C55-9B1D-1F0E6B1A7C01}"
EndProject
Project("{2150E333-8FDC-42A3-9474-1A3956D46DE8}") = "tests", "tests", "{5B0B6C1E-6E2A-4C55-9B1D-1F0E6B1A7C02}"
EndProject
Project("{9A19103F-16F7-4668-BE54-9A1E7A4F7556}") = "WinPloy.Core", "src\WinPloy.Core\WinPloy.Core.csproj", "{8D7C1F2A-3B4E-4F5A-9C6D-7E8F9A0B1C01}"
EndProject
Project("{9A19103F-16F7-4668-BE54-9A1E7A4F7556}") = "WinPloy", "src\WinPloy\WinPloy.csproj", "{8D7C1F2A-3B4E-4F5A-9C6D-7E8F9A0B1C02}"
EndProject
Project("{9A19103F-16F7-4668-BE54-9A1E7A4F7556}") = "WinPloy.Tests", "tests\WinPloy.Tests\WinPloy.Tests.csproj", "{8D7C1F2A-3B4E-4F5A-9C6D-7E8F9A0B1C03}"
EndProject
Global
	GlobalSection(SolutionConfigurationPlatforms) = preSolution
		Debug|Any CPU = Debug|Any CPU
		Release|Any CPU = Release|Any CPU
	EndGlobalSection
	GlobalSection(ProjectConfigurationPlatforms) = postSolution
		{8D7C1F2A-3B4E-4F5A-9C6D-7E8F9A0B1C01}.Debug|Any CPU.ActiveCfg = Debug|Any CPU
		{8D7C1F2A-3B4E-4F5A-9C6D-7E8F9A0B1C01}.Debug|Any CPU.Build.0 = Debug|Any CPU
		{8D7C1F2A-3B4E-4F5A-9C6D-7E8F9A0B1C01}.Release|Any CPU.ActiveCfg = Release|Any CPU
		{8D7C1F2A-3B4E-4F5A-9C6D-7E8F9A0B1C01}.Release|Any CPU.Build.0 = Release|Any CPU
		{8D7C1F2A-3B4E-4F5A-9C6D-7E8F9A0B1C02}.Debug|Any CPU.ActiveCfg = Debug|Any CPU
		{8D7C1F2A-3B4E-4F5A-9C6D-7E8F9A0B1C02}.Debug|Any CPU.Build.0 = Debug|Any CPU
		{8D7C1F2A-3B4E-4F5A-9C6D-7E8F9A0B1C02}.Release|Any CPU.ActiveCfg = Release|Any CPU
		{8D7C1F2A-3B4E-4F5A-9C6D-7E8F9A0B1C02}.Release|Any CPU.Build.0 = Release|Any CPU
		{8D7C1F2A-3B4E-4F5A-9C6D-7E8F9A0B1C03}.Debug|Any CPU.ActiveCfg = Debug|Any CPU
		{8D7C1F2A-3B4E-4F5A-9C6D-7E8F9A0B1C03}.Debug|Any CPU.Build.0 = Debug|Any CPU
		{8D7C1F2A-3B4E-4F5A-9C6D-7E8F9A0B1C03}.Release|Any CPU.ActiveCfg = Release|Any CPU
		{8D7C1F2A-3B4E-4F5A-9C6D-7E8F9A0B1C03}.Release|Any CPU.Build.0 = Release|Any CPU
	EndGlobalSection
	GlobalSection(SolutionProperties) = preSolution
		HideSolutionNode = FALSE
	EndGlobalSection
	GlobalSection(NestedProjects) = preSolution
		{8D7C1F2A-3B4E-4F5A-9C6D-7E8F9A0B1C01} = {5B0B6C1E-6E2A-4C55-9B1D-1F0E6B1A7C01}
		{8D7C1F2A-3B4E-4F5A-9C6D-7E8F9A0B1C02} = {5B0B6C1E-6E2A-4C55-9B1D-1F0E6B1A7C01}
		{8D7C1F2A-3B4E-4F5A-9C6D-7E8F9A0B1C03} = {5B0B6C1E-6E2A-4C55-9B1D-1F0E6B1A7C02}
	EndGlobalSection
EndGlobal
